
Microsoft Visual Studio Solution File, Format Version 12.00
#
Project("{F2A71F9B-5D33-465A-A702-920D77279786}") = "App.Domain", "App.Domain\App.Domain.fsproj", "{69AB9E18-B59F-4D27-86BA-2729DAA625D5}"
EndProject
Project("{F2A71F9B-5D33-465A-A702-920D77279786}") = "App.Tests.FSharp", "App.Tests.FSharp\App.Tests.FSharp.fsproj", "{105DD294-4B2C-4451-8D56-A10A5FBBC3C3}"
EndProject
Project("{FAE04EC0-301F-11D3-BF4B-00C04F79EFBC}") = "App.Application", "App.Application\App.Application.csproj", "{4E74CEDA-8462-49E3-8178-5EF3B89CDBB7}"
EndProject
Project("{FAE04EC0-301F-11D3-BF4B-00C04F79EFBC}") = "App.Infrastructure", "App.Infrastructure\App.Infrastructure.csproj", "{90E20417-36BD-47D5-A51F-CE5507057ED6}"
EndProject
Project("{FAE04EC0-301F-11D3-BF4B-00C04F79EFBC}") = "App.Plugin", "App.Plugin\App.Plugin.csproj", "{11B7568F-4276-47BD-9A40-E416B2ACBF6E}"
EndProject
Project("{FAE04EC0-301F-11D3-BF4B-00C04F79EFBC}") = "App.Tests", "App.Tests\App.Tests.csproj", "{543E5EEC-2B76-4A87-A8A2-18E34E884800}"
EndProject
Project("{FAE04EC0-301F-11D3-BF4B-00C04F79EFBC}") = "App.Web", "App.Web\App.Web.csproj", "{C7EBE519-2DCF-4697-8BBD-47AD02B343BE}"
EndProject
Project("{FAE04EC0-301F-11D3-BF4B-00C04F79EFBC}") = "App.Util", "App.Util\App.Util.csproj", "{2F81454C-18EF-407F-8C5E-C988E66C78CF}"
EndProject
Project("{FAE04EC0-301F-11D3-BF4B-00C04F79EFBC}") = "App.Simulator", "App.Simulator\App.Simulator.csproj", "{0013EF0D-6939-4614-AD8F-CF0E7ED32B6A}"
EndProject
Project("{F2A71F9B-5D33-465A-A702-920D77279786}") = "App.Domain.2", "App.Domain.2\App.Domain.2.fsproj", "{B83B18E5-E516-41CD-8E0E-DCEBC633E7D0}"
EndProject
Global
	GlobalSection(SolutionConfigurationPlatforms) = preSolution
		Debug|Any CPU = Debug|Any CPU
		Release|Any CPU = Release|Any CPU
	EndGlobalSection
	GlobalSection(ProjectConfigurationPlatforms) = postSolution
		{69AB9E18-B59F-4D27-86BA-2729DAA625D5}.Debug|Any CPU.ActiveCfg = Debug|Any CPU
		{69AB9E18-B59F-4D27-86BA-2729DAA625D5}.Debug|Any CPU.Build.0 = Debug|Any CPU
		{69AB9E18-B59F-4D27-86BA-2729DAA625D5}.Release|Any CPU.ActiveCfg = Release|Any CPU
		{69AB9E18-B59F-4D27-86BA-2729DAA625D5}.Release|Any CPU.Build.0 = Release|Any CPU
		{105DD294-4B2C-4451-8D56-A10A5FBBC3C3}.Debug|Any CPU.ActiveCfg = Debug|Any CPU
		{105DD294-4B2C-4451-8D56-A10A5FBBC3C3}.Debug|Any CPU.Build.0 = Debug|Any CPU
		{105DD294-4B2C-4451-8D56-A10A5FBBC3C3}.Release|Any CPU.ActiveCfg = Release|Any CPU
		{105DD294-4B2C-4451-8D56-A10A5FBBC3C3}.Release|Any CPU.Build.0 = Release|Any CPU
		{4E74CEDA-8462-49E3-8178-5EF3B89CDBB7}.Debug|Any CPU.ActiveCfg = Debug|Any CPU
		{4E74CEDA-8462-49E3-8178-5EF3B89CDBB7}.Debug|Any CPU.Build.0 = Debug|Any CPU
		{4E74CEDA-8462-49E3-8178-5EF3B89CDBB7}.Release|Any CPU.ActiveCfg = Release|Any CPU
		{4E74CEDA-8462-49E3-8178-5EF3B89CDBB7}.Release|Any CPU.Build.0 = Release|Any CPU
		{90E20417-36BD-47D5-A51F-CE5507057ED6}.Debug|Any CPU.ActiveCfg = Debug|Any CPU
		{90E20417-36BD-47D5-A51F-CE5507057ED6}.Debug|Any CPU.Build.0 = Debug|Any CPU
		{90E20417-36BD-47D5-A51F-CE5507057ED6}.Release|Any CPU.ActiveCfg = Release|Any CPU
		{90E20417-36BD-47D5-A51F-CE5507057ED6}.Release|Any CPU.Build.0 = Release|Any CPU
		{11B7568F-4276-47BD-9A40-E416B2ACBF6E}.Debug|Any CPU.ActiveCfg = Debug|Any CPU
		{11B7568F-4276-47BD-9A40-E416B2ACBF6E}.Debug|Any CPU.Build.0 = Debug|Any CPU
		{11B7568F-4276-47BD-9A40-E416B2ACBF6E}.Release|Any CPU.ActiveCfg = Release|Any CPU
		{11B7568F-4276-47BD-9A40-E416B2ACBF6E}.Release|Any CPU.Build.0 = Release|Any CPU
		{543E5EEC-2B76-4A87-A8A2-18E34E884800}.Debug|Any CPU.ActiveCfg = Debug|Any CPU
		{543E5EEC-2B76-4A87-A8A2-18E34E884800}.Debug|Any CPU.Build.0 = Debug|Any CPU
		{543E5EEC-2B76-4A87-A8A2-18E34E884800}.Release|Any CPU.ActiveCfg = Release|Any CPU
		{543E5EEC-2B76-4A87-A8A2-18E34E884800}.Release|Any CPU.Build.0 = Release|Any CPU
		{C7EBE519-2DCF-4697-8BBD-47AD02B343BE}.Debug|Any CPU.ActiveCfg = Debug|Any CPU
		{C7EBE519-2DCF-4697-8BBD-47AD02B343BE}.Debug|Any CPU.Build.0 = Debug|Any CPU
		{C7EBE519-2DCF-4697-8BBD-47AD02B343BE}.Release|Any CPU.ActiveCfg = Release|Any CPU
		{C7EBE519-2DCF-4697-8BBD-47AD02B343BE}.Release|Any CPU.Build.0 = Release|Any CPU
		{2F81454C-18EF-407F-8C5E-C988E66C78CF}.Debug|Any CPU.ActiveCfg = Debug|Any CPU
		{2F81454C-18EF-407F-8C5E-C988E66C78CF}.Debug|Any CPU.Build.0 = Debug|Any CPU
		{2F81454C-18EF-407F-8C5E-C988E66C78CF}.Release|Any CPU.ActiveCfg = Release|Any CPU
		{2F81454C-18EF-407F-8C5E-C988E66C78CF}.Release|Any CPU.Build.0 = Release|Any CPU
		{0013EF0D-6939-4614-AD8F-CF0E7ED32B6A}.Debug|Any CPU.ActiveCfg = Debug|Any CPU
		{0013EF0D-6939-4614-AD8F-CF0E7ED32B6A}.Debug|Any CPU.Build.0 = Debug|Any CPU
		{0013EF0D-6939-4614-AD8F-CF0E7ED32B6A}.Release|Any CPU.ActiveCfg = Release|Any CPU
		{0013EF0D-6939-4614-AD8F-CF0E7ED32B6A}.Release|Any CPU.Build.0 = Release|Any CPU
		{B83B18E5-E516-41CD-8E0E-DCEBC633E7D0}.Debug|Any CPU.ActiveCfg = Debug|Any CPU
		{B83B18E5-E516-41CD-8E0E-DCEBC633E7D0}.Debug|Any CPU.Build.0 = Debug|Any CPU
		{B83B18E5-E516-41CD-8E0E-DCEBC633E7D0}.Release|Any CPU.ActiveCfg = Release|Any CPU
		{B83B18E5-E516-41CD-8E0E-DCEBC633E7D0}.Release|Any CPU.Build.0 = Release|Any CPU
	EndGlobalSection
	GlobalSection(NestedProjects) = preSolution
	EndGlobalSection
EndGlobal
